
Microsoft Visual Studio Solution File, Format Version 12.00
# Visual Studio Version 16
VisualStudioVersion = 16.0.30413.136
MinimumVisualStudioVersion = 10.0.40219.1
Project("{FAE04EC0-301F-11D3-BF4B-00C04F79EFBC}") = "Lab5", "Lab5\Lab5.csproj", "{2B04CE93-17CF-4D1F-B3EE-17038911B903}"
EndProject
Global
	GlobalSection(SolutionConfigurationPlatforms) = preSolution
		Debug|Any CPU = Debug|Any CPU
		Release|Any CPU = Release|Any CPU
	EndGlobalSection
	GlobalSection(ProjectConfigurationPlatforms) = postSolution
		{2B04CE93-17CF-4D1F-B3EE-17038911B903}.Debug|Any CPU.ActiveCfg = Debug|Any CPU
		{2B04CE93-17CF-4D1F-B3EE-17038911B903}.Debug|Any CPU.Build.0 = Debug|Any CPU
		{2B04CE93-17CF-4D1F-B3EE-17038911B903}.Release|Any CPU.ActiveCfg = Release|Any CPU
		{2B04CE93-17CF-4D1F-B3EE-17038911B903}.Release|Any CPU.Build.0 = Release|Any CPU
	EndGlobalSection
	GlobalSection(SolutionProperties) = preSolution
		HideSolutionNode = FALSE
	EndGlobalSection
	GlobalSection(ExtensibilityGlobals) = postSolution
		SolutionGuid = {2454268A-0AA4-4F1C-92D6-B2F9402823AF}
	EndGlobalSection
EndGlobal
